
Microsoft Visual Studio Solution File, Format Version 12.00
# Visual Studio Version 17
VisualStudioVersion = 17.10.35013.160
MinimumVisualStudioVersion = 10.0.40219.1
Project("{FAE04EC0-301F-11D3-BF4B-00C04F79EFBC}") = "PartialViewsExample", "PartialViewsExample\PartialViewsExample.csproj", "{97843108-6E3A-47CB-B869-FAC7F0D2CC07}"
EndProject
Global
	GlobalSection(SolutionConfigurationPlatforms) = preSolution
		Debug|Any CPU = Debug|Any CPU
		Release|Any CPU = Release|Any CPU
	EndGlobalSection
	GlobalSection(ProjectConfigurationPlatforms) = postSolution
		{97843108-6E3A-47CB-B869-FAC7F0D2CC07}.Debug|Any CPU.ActiveCfg = Debug|Any CPU
		{97843108-6E3A-47CB-B869-FAC7F0D2CC07}.Debug|Any CPU.Build.0 = Debug|Any CPU
		{97843108-6E3A-47CB-B869-FAC7F0D2CC07}.Release|Any CPU.ActiveCfg = Release|Any CPU
		{97843108-6E3A-47CB-B869-FAC7F0D2CC07}.Release|Any CPU.Build.0 = Release|Any CPU
	EndGlobalSection
	GlobalSection(SolutionProperties) = preSolution
		HideSolutionNode = FALSE
	EndGlobalSection
	GlobalSection(ExtensibilityGlobals) = postSolution
		SolutionGuid = {12F4E257-46CE-4A47-B8FB-0901FFBA931C}
	EndGlobalSection
EndGlobal
